
Microsoft Visual Studio Solution File, Format Version 12.00
# Visual Studio Version 17
VisualStudioVersion = 17.2.32630.192
MinimumVisualStudioVersion = 10.0.40219.1
Project("{2150E333-8FDC-42A3-9474-1A3956D46DE8}") = "LeetCode", "LeetCode", "{FDF2AF60-A21E-4117-BB29-D2C88B353C5E}"
EndProject
Project("{2150E333-8FDC-42A3-9474-1A3956D46DE8}") = "Easy", "Easy", "{934BDFB4-B598-4B7D-96DC-1F354DEA3725}"
EndProject
Project("{FAE04EC0-301F-11D3-BF4B-00C04F79EFBC}") = "TwoSums", "LeetCode\Easy\TwoSums\TwoSums.csproj", "{80ED8B0A-D0BA-44B2-8A37-72307FC25CBC}"
EndProject
Global
	GlobalSection(SolutionConfigurationPlatforms) = preSolution
		Debug|Any CPU = Debug|Any CPU
		Release|Any CPU = Release|Any CPU
	EndGlobalSection
	GlobalSection(ProjectConfigurationPlatforms) = postSolution
		{80ED8B0A-D0BA-44B2-8A37-72307FC25CBC}.Debug|Any CPU.ActiveCfg = Debug|Any CPU
		{80ED8B0A-D0BA-44B2-8A37-72307FC25CBC}.Debug|Any CPU.Build.0 = Debug|Any CPU
		{80ED8B0A-D0BA-44B2-8A37-72307FC25CBC}.Release|Any CPU.ActiveCfg = Release|Any CPU
		{80ED8B0A-D0BA-44B2-8A37-72307FC25CBC}.Release|Any CPU.Build.0 = Release|Any CPU
	EndGlobalSection
	GlobalSection(SolutionProperties) = preSolution
		HideSolutionNode = FALSE
	EndGlobalSection
	GlobalSection(NestedProjects) = preSolution
		{934BDFB4-B598-4B7D-96DC-1F354DEA3725} = {FDF2AF60-A21E-4117-BB29-D2C88B353C5E}
		{80ED8B0A-D0BA-44B2-8A37-72307FC25CBC} = {934BDFB4-B598-4B7D-96DC-1F354DEA3725}
	EndGlobalSection
	GlobalSection(ExtensibilityGlobals) = postSolution
		SolutionGuid = {348AC5E7-B2C5-44F5-B7D8-058D51CE3636}
	EndGlobalSection
EndGlobal
