
Microsoft Visual Studio Solution File, Format Version 12.00
# Visual Studio Version 17
VisualStudioVersion = 17.2.32630.192
MinimumVisualStudioVersion = 10.0.40219.1
Project("{FAE04EC0-301F-11D3-BF4B-00C04F79EFBC}") = "RemoveDupsSortedArray", "RemoveDupsSortedArray.csproj", "{9EE0664B-FDB6-47D7-9DE7-ABDA0DF1708D}"
EndProject
Global
	GlobalSection(SolutionConfigurationPlatforms) = preSolution
		Debug|Any CPU = Debug|Any CPU
		Release|Any CPU = Release|Any CPU
	EndGlobalSection
	GlobalSection(ProjectConfigurationPlatforms) = postSolution
		{9EE0664B-FDB6-47D7-9DE7-ABDA0DF1708D}.Debug|Any CPU.ActiveCfg = Debug|Any CPU
		{9EE0664B-FDB6-47D7-9DE7-ABDA0DF1708D}.Debug|Any CPU.Build.0 = Debug|Any CPU
		{9EE0664B-FDB6-47D7-9DE7-ABDA0DF1708D}.Release|Any CPU.ActiveCfg = Release|Any CPU
		{9EE0664B-FDB6-47D7-9DE7-ABDA0DF1708D}.Release|Any CPU.Build.0 = Release|Any CPU
	EndGlobalSection
	GlobalSection(SolutionProperties) = preSolution
		HideSolutionNode = FALSE
	EndGlobalSection
	GlobalSection(ExtensibilityGlobals) = postSolution
		SolutionGuid = {FCC07E1F-DF1C-4FDA-B900-4DEF7AF4775F}
	EndGlobalSection
EndGlobal
