
Microsoft Visual Studio Solution File, Format Version 12.00
# Visual Studio Version 17
VisualStudioVersion = 17.2.32630.192
MinimumVisualStudioVersion = 10.0.40219.1
Project("{FAE04EC0-301F-11D3-BF4B-00C04F79EFBC}") = "TwoSums", "TwoSums.csproj", "{7126B894-CDE9-46C6-BA43-0AE696F76579}"
EndProject
Global
	GlobalSection(SolutionConfigurationPlatforms) = preSolution
		Debug|Any CPU = Debug|Any CPU
		Release|Any CPU = Release|Any CPU
	EndGlobalSection
	GlobalSection(ProjectConfigurationPlatforms) = postSolution
		{7126B894-CDE9-46C6-BA43-0AE696F76579}.Debug|Any CPU.ActiveCfg = Debug|Any CPU
		{7126B894-CDE9-46C6-BA43-0AE696F76579}.Debug|Any CPU.Build.0 = Debug|Any CPU
		{7126B894-CDE9-46C6-BA43-0AE696F76579}.Release|Any CPU.ActiveCfg = Release|Any CPU
		{7126B894-CDE9-46C6-BA43-0AE696F76579}.Release|Any CPU.Build.0 = Release|Any CPU
	EndGlobalSection
	GlobalSection(SolutionProperties) = preSolution
		HideSolutionNode = FALSE
	EndGlobalSection
	GlobalSection(ExtensibilityGlobals) = postSolution
		SolutionGuid = {0E3AE66D-B580-4E34-8142-59553101C49B}
	EndGlobalSection
EndGlobal
